
Microsoft Visual Studio Solution File, Format Version 12.00
# Visual Studio Version 16
VisualStudioVersion = 16.0.30114.105
MinimumVisualStudioVersion = 10.0.40219.1
Project("{FAE04EC0-301F-11D3-BF4B-00C04F79EFBC}") = "triggerbotforpaladins", "triggerbotforpaladins\triggerbotforpaladins.csproj", "{1C264B27-A12E-41BF-B18E-2880CAD65055}"
EndProject
Global
	GlobalSection(SolutionConfigurationPlatforms) = preSolution
		Debug|Any CPU = Debug|Any CPU
		Release|Any CPU = Release|Any CPU
	EndGlobalSection
	GlobalSection(ProjectConfigurationPlatforms) = postSolution
		{1C264B27-A12E-41BF-B18E-2880CAD65055}.Debug|Any CPU.ActiveCfg = Debug|Any CPU
		{1C264B27-A12E-41BF-B18E-2880CAD65055}.Debug|Any CPU.Build.0 = Debug|Any CPU
		{1C264B27-A12E-41BF-B18E-2880CAD65055}.Release|Any CPU.ActiveCfg = Release|Any CPU
		{1C264B27-A12E-41BF-B18E-2880CAD65055}.Release|Any CPU.Build.0 = Release|Any CPU
	EndGlobalSection
	GlobalSection(SolutionProperties) = preSolution
		HideSolutionNode = FALSE
	EndGlobalSection
	GlobalSection(ExtensibilityGlobals) = postSolution
		SolutionGuid = {74C3E332-DC97-41B4-ABE3-5D9AFBDFB817}
	EndGlobalSection
EndGlobal
